PODS:
  - Alamofire (5.4.4)
  - MBProgressHUD (1.2.0)

DEPENDENCIES:
  - Alamofire (~> 5.4)
  - MBProgressHUD (~> 1.2.0)

SPEC REPOS:
  trunk:
    - Alamofire
    - MBProgressHUD

SPEC CHECKSUMS:
  Alamofire: f3b09a368f1582ab751b3fff5460276e0d2cf5c9
  MBProgressHUD: 3ee5efcc380f6a79a7cc9b363dd669c5e1ae7406

PODFILE CHECKSUM: 3324286e86c7014c2e07988ca9419556eb7a608e

COCOAPODS: 1.8.4
